// !$*UTF8*$!
{
	archiveVersion = 1;
	classes = {
	};
	objectVersion = 50;
	objects = {

/* Begin PBXBuildFile section */
		E0564C31267DF82800731B02 /* AppDelegate.swift in Sources */ = {isa = PBXBuildFile; fileRef = E0564C30267DF82800731B02 /* AppDelegate.swift */; };
		E0564C33267DF82800731B02 /* SceneDelegate.swift in Sources */ = {isa = PBXBuildFile; fileRef = E0564C32267DF82800731B02 /* SceneDelegate.swift */; };
		E0564C35267DF82800731B02 /* ViewController.swift in Sources */ = {isa = PBXBuildFile; fileRef = E0564C34267DF82800731B02 /* ViewController.swift */; };
		E0564C38267DF82800731B02 /* Main.storyboard in Resources */ = {isa = PBXBuildFile; fileRef = E0564C36267DF82800731B02 /* Main.storyboard */; };
		E0564C3A267DF82A00731B02 /* Assets.xcassets in Resources */ = {isa = PBXBuildFile; fileRef = E0564C39267DF82A00731B02 /* Assets.xcassets */; };
		E0564C3D267DF82A00731B02 /* LaunchScreen.storyboard in Resources */ = {isa = PBXBuildFile; fileRef = E0564C3B267DF82A00731B02 /* LaunchScreen.storyboard */; };
		E0564C49267E0BD900731B02 /* Card.swift in Sources */ = {isa = PBXBuildFile; fileRef = E0564C48267E0BD900731B02 /* Card.swift */; };
		E0564C4C267E0C0900731B02 /* ConcentrationGame.swift in Sources */ = {isa = PBXBuildFile; fileRef = E0564C4B267E0C0900731B02 /* ConcentrationGame.swift */; };
/* End PBXBuildFile section */

/* Begin PBXFileReference section */
		E0564C2D267DF82800731B02 /* Flips.app */ = {isa = PBXFileReference; explicitFileType = wrapper.application; includeInIndex = 0; path = Flips.app; sourceTree = BUILT_PRODUCTS_DIR; };
		E0564C30267DF82800731B02 /* AppDelegate.swift */ = {isa = PBXFileReference; lastKnownFileType = sourcecode.swift; path = AppDelegate.swift; sourceTree = "<group>"; };
		E0564C32267DF82800731B02 /* SceneDelegate.swift */ = {isa = PBXFileReference; lastKnownFileType = sourcecode.swift; path = SceneDelegate.swift; sourceTree = "<group>"; };
		E0564C34267DF82800731B02 /* ViewController.swift */ = {isa = PBXFileReference; lastKnownFileType = sourcecode.swift; path = ViewController.swift; sourceTree = "<group>"; };
		E0564C37267DF82800731B02 /* Base */ = {isa = PBXFileReference; lastKnownFileType = file.storyboard; name = Base; path = Base.lproj/Main.storyboard; sourceTree = "<group>"; };
		E0564C39267DF82A00731B02 /* Assets.xcassets */ = {isa = PBXFileReference; lastKnownFileType = folder.assetcatalog; path = Assets.xcassets; sourceTree = "<group>"; };
		E0564C3C267DF82A00731B02 /* Base */ = {isa = PBXFileReference; lastKnownFileType = file.storyboard; name = Base; path = Base.lproj/LaunchScreen.storyboard; sourceTree = "<group>"; };
		E0564C3E267DF82A00731B02 /* Info.plist */ = {isa = PBXFileReference; lastKnownFileType = text.plist.xml; path = Info.plist; sourceTree = "<group>"; };
		E0564C48267E0BD900731B02 /* Card.swift */ = {isa = PBXFileReference; lastKnownFileType = sourcecode.swift; path = Card.swift; sourceTree = "<group>"; };
		E0564C4B267E0C0900731B02 /* ConcentrationGame.swift */ = {isa = PBXFileReference; lastKnownFileType = sourcecode.swift; path = ConcentrationGame.swift; sourceTree = "<group>"; };
/* End PBXFileReference section */

/* Begin PBXFrameworksBuildPhase section */
		E0564C2A267DF82800731B02 /* Frameworks */ = {
			isa = PBXFrameworksBuildPhase;
			buildActionMask = 2147483647;
			files = (
			);
			runOnlyForDeploymentPostprocessing = 0;
		};
/* End PBXFrameworksBuildPhase section */

/* Begin PBXGroup section */
		E0564C24267DF82800731B02 = {
			isa = PBXGroup;
			children = (
				E0564C2F267DF82800731B02 /* Flips */,
				E0564C2E267DF82800731B02 /* Products */,
			);
			sourceTree = "<group>";
		};
		E0564C2E267DF82800731B02 /* Products */ = {
			isa = PBXGroup;
			children = (
				E0564C2D267DF82800731B02 /* Flips.app */,
			);
			name = Products;
			sourceTree = "<group>";
		};
		E0564C2F267DF82800731B02 /* Flips */ = {
			isa = PBXGroup;
			children = (
				E0564C30267DF82800731B02 /* AppDelegate.swift */,
				E0564C32267DF82800731B02 /* SceneDelegate.swift */,
				E0564C34267DF82800731B02 /* ViewController.swift */,
				E0564C36267DF82800731B02 /* Main.storyboard */,
				E0564C48267E0BD900731B02 /* Card.swift */,
				E0564C4B267E0C0900731B02 /* ConcentrationGame.swift */,
				E0564C39267DF82A00731B02 /* Assets.xcassets */,
				E0564C3B267DF82A00731B02 /* LaunchScreen.storyboard */,
				E0564C3E267DF82A00731B02 /* Info.plist */,
			);
			path = Flips;
			sourceTree = "<group>";
		};
/* End PBXGroup section */

/* Begin PBXNativeTarget section */
		E0564C2C267DF82800731B02 /* Flips */ = {
			isa = PBXNativeTarget;
			buildConfigurationList = E0564C41267DF82A00731B02 /* Build configuration list for PBXNativeTarget "Flips" */;
			buildPhases = (
				E0564C29267DF82800731B02 /* Sources */,
				E0564C2A267DF82800731B02 /* Frameworks */,
				E0564C2B267DF82800731B02 /* Resources */,
			);
			buildRules = (
			);
			dependencies = (
			);
			name = Flips;
			productName = Flips;
			productReference = E0564C2D267DF82800731B02 /* Flips.app */;
			productType = "com.apple.product-type.application";
		};
/* End PBXNativeTarget section */

/* Begin PBXProject section */
		E0564C25267DF82800731B02 /* Project object */ = {
			isa = PBXProject;
			attributes = {
				LastSwiftUpdateCheck = 1240;
				LastUpgradeCheck = 1240;
				TargetAttributes = {
					E0564C2C267DF82800731B02 = {
						CreatedOnToolsVersion = 12.4;
					};
				};
			};
			buildConfigurationList = E0564C28267DF82800731B02 /* Build configuration list for PBXProject "Flips" */;
			compatibilityVersion = "Xcode 9.3";
			developmentRegion = en;
			hasScannedForEncodings = 0;
			knownRegions = (
				en,
				Base,
			);
			mainGroup = E0564C24267DF82800731B02;
			productRefGroup = E0564C2E267DF82800731B02 /* Products */;
			projectDirPath = "";
			projectRoot = "";
			targets = (
				E0564C2C267DF82800731B02 /* Flips */,
			);
		};
/* End PBXProject section */

/* Begin PBXResourcesBuildPhase section */
		E0564C2B267DF82800731B02 /* Resources */ = {
			isa = PBXResourcesBuildPhase;
			buildActionMask = 2147483647;
			files = (
				E0564C3D267DF82A00731B02 /* LaunchScreen.storyboard in Resources */,
				E0564C3A267DF82A00731B02 /* Assets.xcassets in Resources */,
				E0564C38267DF82800731B02 /* Main.storyboard in Resources */,
			);
			runOnlyForDeploymentPostprocessing = 0;
		};
/* End PBXResourcesBuildPhase section */

/* Begin PBXSourcesBuildPhase section */
		E0564C29267DF82800731B02 /* Sources */ = {
			isa = PBXSourcesBuildPhase;
			buildActionMask = 2147483647;
			files = (
				E0564C35267DF82800731B02 /* ViewController.swift in Sources */,
				E0564C31267DF82800731B02 /* AppDelegate.swift in Sources */,
				E0564C4C267E0C0900731B02 /* ConcentrationGame.swift in Sources */,
				E0564C33267DF82800731B02 /* SceneDelegate.swift in Sources */,
				E0564C49267E0BD900731B02 /* Card.swift in Sources */,
			);
			runOnlyForDeploymentPostprocessing = 0;
		};
/* End PBXSourcesBuildPhase section */

/* Begin PBXVariantGroup section */
		E0564C36267DF82800731B02 /* Main.storyboard */ = {
			isa = PBXVariantGroup;
			children = (
				E0564C37267DF82800731B02 /* Base */,
			);
			name = Main.storyboard;
			sourceTree = "<group>";
		};
		E0564C3B267DF82A00731B02 /* LaunchScreen.storyboard */ = {
			isa = PBXVariantGroup;
			children = (
				E0564C3C267DF82A00731B02 /* Base */,
			);
			name = LaunchScreen.storyboard;
			sourceTree = "<group>";
		};
/* End PBXVariantGroup section */

/* Begin XCBuildConfiguration section */
		E0564C3F267DF82A00731B02 /* Debug */ = {
			isa = XCBuildConfiguration;
			buildSettings = {
				ALWAYS_SEARCH_USER_PATHS = NO;
				CLANG_ANALYZER_NONNULL = YES;
				CLANG_ANALYZER_NUMBER_OBJECT_CONVERSION = YES_AGGRESSIVE;
				CLANG_CXX_LANGUAGE_STANDARD = "gnu++14";
				CLANG_CXX_LIBRARY = "libc++";
				CLANG_ENABLE_MODULES = YES;
				CLANG_ENABLE_OBJC_ARC = YES;
				CLANG_ENABLE_OBJC_WEAK = YES;
				CLANG_WARN_BLOCK_CAPTURE_AUTORELEASING = YES;
				CLANG_WARN_BOOL_CONVERSION = YES;
				CLANG_WARN_COMMA = YES;
				CLANG_WARN_CONSTANT_CONVERSION = YES;
				CLANG_WARN_DEPRECATED_OBJC_IMPLEMENTATIONS = YES;
				CLANG_WARN_DIRECT_OBJC_ISA_USAGE = YES_ERROR;
				CLANG_WARN_DOCUMENTATION_COMMENTS = YES;
				CLANG_WARN_EMPTY_BODY = YES;
				CLANG_WARN_ENUM_CONVERSION = YES;
				CLANG_WARN_INFINITE_RECURSION = YES;
				CLANG_WARN_INT_CONVERSION = YES;
				CLANG_WARN_NON_LITERAL_NULL_CONVERSION = YES;
				CLANG_WARN_OBJC_IMPLICIT_RETAIN_SELF = YES;
				CLANG_WARN_OBJC_LITERAL_CONVERSION = YES;
				CLANG_WARN_OBJC_ROOT_CLASS = YES_ERROR;
				CLANG_WARN_QUOTED_INCLUDE_IN_FRAMEWORK_HEADER = YES;
				CLANG_WARN_RANGE_LOOP_ANALYSIS = YES;
				CLANG_WARN_STRICT_PROTOTYPES = YES;
				CLANG_WARN_SUSPICIOUS_MOVE = YES;
				CLANG_WARN_UNGUARDED_AVAILABILITY = YES_AGGRESSIVE;
				CLANG_WARN_UNREACHABLE_CODE = YES;
				CLANG_WARN__DUPLICATE_METHOD_MATCH = YES;
				COPY_PHASE_STRIP = NO;
				DEBUG_INFORMATION_FORMAT = dwarf;
				ENABLE_STRICT_OBJC_MSGSEND = YES;
				ENABLE_TESTABILITY = YES;
				GCC_C_LANGUAGE_STANDARD = gnu11;
				GCC_DYNAMIC_NO_PIC = NO;
				GCC_NO_COMMON_BLOCKS = YES;
				GCC_OPTIMIZATION_LEVEL = 0;
				GCC_PREPROCESSOR_DEFINITIONS = (
					"DEBUG=1",
					"$(inherited)",
				);
				GCC_WARN_64_TO_32_BIT_CONVERSION = YES;
				GCC_WARN_ABOUT_RETURN_TYPE = YES_ERROR;
				GCC_WARN_UNDECLARED_SELECTOR = YES;
				GCC_WARN_UNINITIALIZED_AUTOS = YES_AGGRESSIVE;
				GCC_WARN_UNUSED_FUNCTION = YES;
				GCC_WARN_UNUSED_VARIABLE = YES;
				IPHONEOS_DEPLOYMENT_TARGET = 14.4;
				MTL_ENABLE_DEBUG_INFO = INCLUDE_SOURCE;
				MTL_FAST_MATH = YES;
				ONLY_ACTIVE_ARCH = YES;
				SDKROOT = iphoneos;
				SWIFT_ACTIVE_COMPILATION_CONDITIONS = DEBUG;
				SWIFT_OPTIMIZATION_LEVEL = "-Onone";
			};
			name = Debug;
		};
		E0564C40267DF82A00731B02 /* Release */ = {
			isa = XCBuildConfiguration;
			buildSettings = {
				ALWAYS_SEARCH_USER_PATHS = NO;
				CLANG_ANALYZER_NONNULL = YES;
				CLANG_ANALYZER_NUMBER_OBJECT_CONVERSION = YES_AGGRESSIVE;
				CLANG_CXX_LANGUAGE_STANDARD = "gnu++14";
				CLANG_CXX_LIBRARY = "libc++";
				CLANG_ENABLE_MODULES = YES;
				CLANG_ENABLE_OBJC_ARC = YES;
				CLANG_ENABLE_OBJC_WEAK = YES;
				CLANG_WARN_BLOCK_CAPTURE_AUTORELEASING = YES;
				CLANG_WARN_BOOL_CONVERSION = YES;
				CLANG_WARN_COMMA = YES;
				CLANG_WARN_CONSTANT_CONVERSION = YES;
				CLANG_WARN_DEPRECATED_OBJC_IMPLEMENTATIONS = YES;
				CLANG_WARN_DIRECT_OBJC_ISA_USAGE = YES_ERROR;
				CLANG_WARN_DOCUMENTATION_COMMENTS = YES;
				CLANG_WARN_EMPTY_BODY = YES;
				CLANG_WARN_ENUM_CONVERSION = YES;
				CLANG_WARN_INFINITE_RECURSION = YES;
				CLANG_WARN_INT_CONVERSION = YES;
				CLANG_WARN_NON_LITERAL_NULL_CONVERSION = YES;
				CLANG_WARN_OBJC_IMPLICIT_RETAIN_SELF = YES;
				CLANG_WARN_OBJC_LITERAL_CONVERSION = YES;
				CLANG_WARN_OBJC_ROOT_CLASS = YES_ERROR;
				CLANG_WARN_QUOTED_INCLUDE_IN_FRAMEWORK_HEADER = YES;
				CLANG_WARN_RANGE_LOOP_ANALYSIS = YES;
				CLANG_WARN_STRICT_PROTOTYPES = YES;
				CLANG_WARN_SUSPICIOUS_MOVE = YES;
				CLANG_WARN_UNGUARDED_AVAILABILITY = YES_AGGRESSIVE;
				CLANG_WARN_UNREACHABLE_CODE = YES;
				CLANG_WARN__DUPLICATE_METHOD_MATCH = YES;
				COPY_PHASE_STRIP = NO;
				DEBUG_INFORMATION_FORMAT = "dwarf-with-dsym";
				ENABLE_NS_ASSERTIONS = NO;
				ENABLE_STRICT_OBJC_MSGSEND = YES;
				GCC_C_LANGUAGE_STANDARD = gnu11;
				GCC_NO_COMMON_BLOCKS = YES;
				GCC_WARN_64_TO_32_BIT_CONVERSION = YES;
				GCC_WARN_ABOUT_RETURN_TYPE = YES_ERROR;
				GCC_WARN_UNDECLARED_SELECTOR = YES;
				GCC_WARN_UNINITIALIZED_AUTOS = YES_AGGRESSIVE;
				GCC_WARN_UNUSED_FUNCTION = YES;
				GCC_WARN_UNUSED_VARIABLE = YES;
				IPHONEOS_DEPLOYMENT_TARGET = 14.4;
				MTL_ENABLE_DEBUG_INFO = NO;
				MTL_FAST_MATH = YES;
				SDKROOT = iphoneos;
				SWIFT_COMPILATION_MODE = wholemodule;
				SWIFT_OPTIMIZATION_LEVEL = "-O";
				VALIDATE_PRODUCT = YES;
			};
			name = Release;
		};
		E0564C42267DF82A00731B02 /* Debug */ = {
			isa = XCBuildConfiguration;
			buildSettings = {
				ASSETCATALOG_COMPILER_APPICON_NAME = AppIcon;
				ASSETCATALOG_COMPILER_GLOBAL_ACCENT_COLOR_NAME = AccentColor;
				CODE_SIGN_STYLE = Automatic;
				DEVELOPMENT_TEAM = BJNJ35894G;
				INFOPLIST_FILE = Flips/Info.plist;
				IPHONEOS_DEPLOYMENT_TARGET = 13.0;
				LD_RUNPATH_SEARCH_PATHS = (
					"$(inherited)",
					"@executable_path/Frameworks",
				);
				MARKETING_VERSION = 0.4;
				PRODUCT_BUNDLE_IDENTIFIER = alexanderkovzhut.Flips;
				PRODUCT_NAME = "$(TARGET_NAME)";
				SWIFT_VERSION = 5.0;
				TARGETED_DEVICE_FAMILY = "1,2";
			};
			name = Debug;
		};
		E0564C43267DF82A00731B02 /* Release */ = {
			isa = XCBuildConfiguration;
			buildSettings = {
				ASSETCATALOG_COMPILER_APPICON_NAME = AppIcon;
				ASSETCATALOG_COMPILER_GLOBAL_ACCENT_COLOR_NAME = AccentColor;
				CODE_SIGN_STYLE = Automatic;
				DEVELOPMENT_TEAM = BJNJ35894G;
				INFOPLIST_FILE = Flips/Info.plist;
				IPHONEOS_DEPLOYMENT_TARGET = 13.0;
				LD_RUNPATH_SEARCH_PATHS = (
					"$(inherited)",
					"@executable_path/Frameworks",
				);
				MARKETING_VERSION = 0.4;
				PRODUCT_BUNDLE_IDENTIFIER = alexanderkovzhut.Flips;
				PRODUCT_NAME = "$(TARGET_NAME)";
				SWIFT_VERSION = 5.0;
				TARGETED_DEVICE_FAMILY = "1,2";
			};
			name = Release;
		};
/* End XCBuildConfiguration section */

/* Begin XCConfigurationList section */
		E0564C28267DF82800731B02 /* Build configuration list for PBXProject "Flips" */ = {
			isa = XCConfigurationList;
			buildConfigurations = (
				E0564C3F267DF82A00731B02 /* Debug */,
				E0564C40267DF82A00731B02 /* Release */,
			);
			defaultConfigurationIsVisible = 0;
			defaultConfigurationName = Release;
		};
		E0564C41267DF82A00731B02 /* Build configuration list for PBXNativeTarget "Flips" */ = {
			isa = XCConfigurationList;
			buildConfigurations = (
				E0564C42267DF82A00731B02 /* Debug */,
				E0564C43267DF82A00731B02 /* Release */,
			);
			defaultConfigurationIsVisible = 0;
			defaultConfigurationName = Release;
		};
/* End XCConfigurationList section */
	};
	rootObject = E0564C25267DF82800731B02 /* Project object */;
}
